
Microsoft Visual Studio Solution File, Format Version 12.00
# Visual Studio Version 16
VisualStudioVersion = 16.0.29326.143
MinimumVisualStudioVersion = 10.0.40219.1
Project("{9A19103F-16F7-4668-BE54-9A1E7A4F7556}") = "BlazorMud", "BlazorMud\BlazorMud.csproj", "{BADDF8CE-BB27-4455-B850-FE76E550F07E}"
EndProject
Project("{9A19103F-16F7-4668-BE54-9A1E7A4F7556}") = "BlazorMud.DataAccess", "BlazorMud.DataAccess\BlazorMud.DataAccess.csproj", "{16D9C2B3-9F61-4C83-BA91-311F46C0E919}"
EndProject
Project("{9A19103F-16F7-4668-BE54-9A1E7A4F7556}") = "BlazorMud.Contracts", "BlazorMud.Contracts\BlazorMud.Contracts.csproj", "{F62B82E7-5A39-4BC2-B041-FCB0C2964D5D}"
EndProject
Project("{9A19103F-16F7-4668-BE54-9A1E7A4F7556}") = "BlazorMud.BusinessLogic", "BlazorMud.BusinessLogic\BlazorMud.BusinessLogic.csproj", "{DD6BF144-73B9-4D32-8542-874C8968387E}"
EndProject
Project("{2150E333-8FDC-42A3-9474-1A3956D46DE8}") = "Tests", "Tests", "{939986FC-2F89-419D-8A1C-122AF33C0F43}"
EndProject
Project("{9A19103F-16F7-4668-BE54-9A1E7A4F7556}") = "BlazorMud.BusinessLogic.Test", "BlazorMud.BusinessLogic.Test\BlazorMud.BusinessLogic.Test.csproj", "{8292D7D6-2195-4A79-9EAB-475348A70932}"
EndProject
Project("{2150E333-8FDC-42A3-9474-1A3956D46DE8}") = "Docker", "Docker", "{9AFA1FCE-C391-4BA8-8EEC-6569071A1BA2}"
	ProjectSection(SolutionItems) = preProject
		docker-compose.yml = docker-compose.yml
		dockerfile = dockerfile
	EndProjectSection
EndProject
Global
	GlobalSection(SolutionConfigurationPlatforms) = preSolution
		Debug|Any CPU = Debug|Any CPU
		Release|Any CPU = Release|Any CPU
	EndGlobalSection
	GlobalSection(ProjectConfigurationPlatforms) = postSolution
		{BADDF8CE-BB27-4455-B850-FE76E550F07E}.Debug|Any CPU.ActiveCfg = Debug|Any CPU
		{BADDF8CE-BB27-4455-B850-FE76E550F07E}.Debug|Any CPU.Build.0 = Debug|Any CPU
		{BADDF8CE-BB27-4455-B850-FE76E550F07E}.Release|Any CPU.ActiveCfg = Release|Any CPU
		{BADDF8CE-BB27-4455-B850-FE76E550F07E}.Release|Any CPU.Build.0 = Release|Any CPU
		{16D9C2B3-9F61-4C83-BA91-311F46C0E919}.Debug|Any CPU.ActiveCfg = Debug|Any CPU
		{16D9C2B3-9F61-4C83-BA91-311F46C0E919}.Debug|Any CPU.Build.0 = Debug|Any CPU
		{16D9C2B3-9F61-4C83-BA91-311F46C0E919}.Release|Any CPU.ActiveCfg = Release|Any CPU
		{16D9C2B3-9F61-4C83-BA91-311F46C0E919}.Release|Any CPU.Build.0 = Release|Any CPU
		{F62B82E7-5A39-4BC2-B041-FCB0C2964D5D}.Debug|Any CPU.ActiveCfg = Debug|Any CPU
		{F62B82E7-5A39-4BC2-B041-FCB0C2964D5D}.Debug|Any CPU.Build.0 = Debug|Any CPU
		{F62B82E7-5A39-4BC2-B041-FCB0C2964D5D}.Release|Any CPU.ActiveCfg = Release|Any CPU
		{F62B82E7-5A39-4BC2-B041-FCB0C2964D5D}.Release|Any CPU.Build.0 = Release|Any CPU
		{DD6BF144-73B9-4D32-8542-874C8968387E}.Debug|Any CPU.ActiveCfg = Debug|Any CPU
		{DD6BF144-73B9-4D32-8542-874C8968387E}.Debug|Any CPU.Build.0 = Debug|Any CPU
		{DD6BF144-73B9-4D32-8542-874C8968387E}.Release|Any CPU.ActiveCfg = Release|Any CPU
		{DD6BF144-73B9-4D32-8542-874C8968387E}.Release|Any CPU.Build.0 = Release|Any CPU
		{8292D7D6-2195-4A79-9EAB-475348A70932}.Debug|Any CPU.ActiveCfg = Debug|Any CPU
		{8292D7D6-2195-4A79-9EAB-475348A70932}.Debug|Any CPU.Build.0 = Debug|Any CPU
		{8292D7D6-2195-4A79-9EAB-475348A70932}.Release|Any CPU.ActiveCfg = Release|Any CPU
		{8292D7D6-2195-4A79-9EAB-475348A70932}.Release|Any CPU.Build.0 = Release|Any CPU
	EndGlobalSection
	GlobalSection(SolutionProperties) = preSolution
		HideSolutionNode = FALSE
	EndGlobalSection
	GlobalSection(NestedProjects) = preSolution
		{8292D7D6-2195-4A79-9EAB-475348A70932} = {939986FC-2F89-419D-8A1C-122AF33C0F43}
	EndGlobalSection
	GlobalSection(ExtensibilityGlobals) = postSolution
		SolutionGuid = {A0492E64-3CB5-4EA8-ADCF-38978ED61FC1}
	EndGlobalSection
EndGlobal
